
Microsoft Visual Studio Solution File, Format Version 11.00
# Visual Studio 2010
Project("{FAE04EC0-301F-11D3-BF4B-00C04F79EFBC}") = "UnityEngine.TestRunner", "UnityEngine.TestRunner.csproj", "{c9f4195c-2f2d-c84d-383c-5dfcb41cd896}"
EndProject
Project("{FAE04EC0-301F-11D3-BF4B-00C04F79EFBC}") = "UnityEngine.UI", "UnityEngine.UI.csproj", "{5fb006e1-51ca-a576-a8ec-58ce0a9619ce}"
EndProject
Project("{FAE04EC0-301F-11D3-BF4B-00C04F79EFBC}") = "Unity.VisualScripting.Flow", "Unity.VisualScripting.Flow.csproj", "{a678122a-c0f1-2a17-b61b-9128868247f7}"
EndProject
Project("{FAE04EC0-301F-11D3-BF4B-00C04F79EFBC}") = "Unity.VisualScripting.State", "Unity.VisualScripting.State.csproj", "{cdd30fb8-6d4f-9307-a558-98290fbe8d65}"
EndProject
Project("{FAE04EC0-301F-11D3-BF4B-00C04F79EFBC}") = "Unity.VisualScripting.Core", "Unity.VisualScripting.Core.csproj", "{a991c516-7aaa-5447-0e94-a34cac6c8e85}"
EndProject
Project("{FAE04EC0-301F-11D3-BF4B-00C04F79EFBC}") = "Unity.TextMeshPro", "Unity.TextMeshPro.csproj", "{c1f92ac9-edfa-dd83-82d7-b8db4bda090e}"
EndProject
Project("{FAE04EC0-301F-11D3-BF4B-00C04F79EFBC}") = "Unity.Timeline", "Unity.Timeline.csproj", "{859bba18-c163-43a3-8a04-6ed823fa339e}"
EndProject
Project("{FAE04EC0-301F-11D3-BF4B-00C04F79EFBC}") = "Assembly-CSharp", "Assembly-CSharp.csproj", "{ec162e46-41d2-333d-4eab-4f0e432d9ee2}"
EndProject
Project("{FAE04EC0-301F-11D3-BF4B-00C04F79EFBC}") = "Unity.PlasticSCM.Editor", "Unity.PlasticSCM.Editor.csproj", "{91f038b1-a9b8-92d6-5713-165b12d48604}"
EndProject
Project("{FAE04EC0-301F-11D3-BF4B-00C04F79EFBC}") = "Unity.VisualScripting.Core.Editor", "Unity.VisualScripting.Core.Editor.csproj", "{2d78927c-5a81-767e-15e3-d2c9e8f53cd3}"
EndProject
Project("{FAE04EC0-301F-11D3-BF4B-00C04F79EFBC}") = "Unity.VisualScripting.Flow.Editor", "Unity.VisualScripting.Flow.Editor.csproj", "{eca9af34-5233-4e99-1f44-9420a1826403}"
EndProject
Project("{FAE04EC0-301F-11D3-BF4B-00C04F79EFBC}") = "Unity.VisualStudio.Editor", "Unity.VisualStudio.Editor.csproj", "{c4f842fb-84ec-ad14-e7e3-621ef67b4e8a}"
EndProject
Project("{FAE04EC0-301F-11D3-BF4B-00C04F79EFBC}") = "Unity.Timeline.Editor", "Unity.Timeline.Editor.csproj", "{be3937a9-c788-3e89-5365-95d4e87d73c0}"
EndProject
Project("{FAE04EC0-301F-11D3-BF4B-00C04F79EFBC}") = "Unity.VisualScripting.State.Editor", "Unity.VisualScripting.State.Editor.csproj", "{c20ac6e5-4217-e0fb-21a4-97a8b13a6eeb}"
EndProject
Project("{FAE04EC0-301F-11D3-BF4B-00C04F79EFBC}") = "Unity.TextMeshPro.Editor", "Unity.TextMeshPro.Editor.csproj", "{d099c610-0dd0-a2d6-9d61-c4b348692870}"
EndProject
Project("{FAE04EC0-301F-11D3-BF4B-00C04F79EFBC}") = "Unity.VisualScripting.SettingsProvider.Editor", "Unity.VisualScripting.SettingsProvider.Editor.csproj", "{a039a21d-1e45-2bc0-0cf6-327702d3e558}"
EndProject
Project("{FAE04EC0-301F-11D3-BF4B-00C04F79EFBC}") = "UnityEditor.TestRunner", "UnityEditor.TestRunner.csproj", "{6c51f0dd-9c02-b871-6b64-cc6bcd122ad3}"
EndProject
Project("{FAE04EC0-301F-11D3-BF4B-00C04F79EFBC}") = "Unity.TestTools.CodeCoverage.Editor", "Unity.TestTools.CodeCoverage.Editor.csproj", "{43554420-afbc-c415-177c-66fddc1d651c}"
EndProject
Project("{FAE04EC0-301F-11D3-BF4B-00C04F79EFBC}") = "Unity.Rider.Editor", "Unity.Rider.Editor.csproj", "{12b56a0c-f0df-4577-8cc2-eb931a3e3c29}"
EndProject
Project("{FAE04EC0-301F-11D3-BF4B-00C04F79EFBC}") = "Unity.Performance.Profile-Analyzer.Editor", "Unity.Performance.Profile-Analyzer.Editor.csproj", "{04cddcfa-aff0-3a7e-905d-17a5ddc6f78d}"
EndProject
Project("{FAE04EC0-301F-11D3-BF4B-00C04F79EFBC}") = "Unity.VSCode.Editor", "Unity.VSCode.Editor.csproj", "{194fbe0d-38c9-2a5a-c5bc-3fc139edc930}"
EndProject
Project("{FAE04EC0-301F-11D3-BF4B-00C04F79EFBC}") = "UnityEditor.UI", "UnityEditor.UI.csproj", "{0d7aa435-3088-ed0f-6caf-16b0bcb95db8}"
EndProject
Project("{FAE04EC0-301F-11D3-BF4B-00C04F79EFBC}") = "Unity.TestTools.CodeCoverage.Editor.OpenCover.Model", "Unity.TestTools.CodeCoverage.Editor.OpenCover.Model.csproj", "{70b7fc53-b55a-35e5-eff3-53b75f72f13a}"
EndProject
Project("{FAE04EC0-301F-11D3-BF4B-00C04F79EFBC}") = "Unity.EditorCoroutines.Editor", "Unity.EditorCoroutines.Editor.csproj", "{5876c2dd-60f5-3e2e-2947-b0ae1571ab06}"
EndProject
Project("{FAE04EC0-301F-11D3-BF4B-00C04F79EFBC}") = "Unity.Settings.Editor", "Unity.Settings.Editor.csproj", "{f1c5d5cf-f3d4-2384-4ff6-d57dcf6c6a24}"
EndProject
Project("{FAE04EC0-301F-11D3-BF4B-00C04F79EFBC}") = "Unity.CollabProxy.Editor", "Unity.CollabProxy.Editor.csproj", "{331ee9ce-0d38-8b2e-3a85-40759be272bf}"
EndProject
Project("{FAE04EC0-301F-11D3-BF4B-00C04F79EFBC}") = "Unity.TestTools.CodeCoverage.Editor.OpenCover.Mono.Reflection", "Unity.TestTools.CodeCoverage.Editor.OpenCover.Mono.Reflection.csproj", "{0b0428d8-1b80-eec8-e843-f50af4a44b69}"
EndProject
Project("{FAE04EC0-301F-11D3-BF4B-00C04F79EFBC}") = "Unity.VisualScripting.Shared.Editor", "Unity.VisualScripting.Shared.Editor.csproj", "{dfab3ab3-0bb9-675c-c55f-69d394744ba4}"
EndProject
Project("{FAE04EC0-301F-11D3-BF4B-00C04F79EFBC}") = "UnityEngine.TestRunner", "UnityEngine.TestRunner.Player.csproj", "{8777b60f-974c-e3eb-d83e-fe184df1055e}"
EndProject
Project("{FAE04EC0-301F-11D3-BF4B-00C04F79EFBC}") = "UnityEngine.UI", "UnityEngine.UI.Player.csproj", "{9586a57f-c651-9069-94ea-9ab9685eb850}"
EndProject
Project("{FAE04EC0-301F-11D3-BF4B-00C04F79EFBC}") = "Unity.VisualScripting.Flow", "Unity.VisualScripting.Flow.Player.csproj", "{6bdb3feb-0f87-8cdd-ce68-1c0e888c98bd}"
EndProject
Project("{FAE04EC0-301F-11D3-BF4B-00C04F79EFBC}") = "Unity.VisualScripting.State", "Unity.VisualScripting.State.Player.csproj", "{d041a3ed-dd00-f4fe-53fc-f50918a3ddd1}"
EndProject
Project("{FAE04EC0-301F-11D3-BF4B-00C04F79EFBC}") = "Unity.VisualScripting.Core", "Unity.VisualScripting.Core.Player.csproj", "{f6758768-6df5-0125-56a4-8fb8ec13ffbc}"
EndProject
Project("{FAE04EC0-301F-11D3-BF4B-00C04F79EFBC}") = "Unity.TextMeshPro", "Unity.TextMeshPro.Player.csproj", "{42a0a980-d6c5-98b4-5856-3fc3caebdf95}"
EndProject
Project("{FAE04EC0-301F-11D3-BF4B-00C04F79EFBC}") = "Unity.Timeline", "Unity.Timeline.Player.csproj", "{105afea7-07a0-7ef3-f848-208246c51843}"
EndProject
Project("{FAE04EC0-301F-11D3-BF4B-00C04F79EFBC}") = "Assembly-CSharp", "Assembly-CSharp.Player.csproj", "{397610be-ca21-be39-c65d-c9104c20d999}"
EndProject
Project("{FAE04EC0-301F-11D3-BF4B-00C04F79EFBC}") = "UnityEngine.UI.Tests", "UnityEngine.UI.Tests.csproj", "{0c2b1886-ce58-7924-d4d1-9fc9887e11d1}"
EndProject
Project("{FAE04EC0-301F-11D3-BF4B-00C04F79EFBC}") = "UnityEditor.UI.EditorTests", "UnityEditor.UI.EditorTests.csproj", "{fc1524c9-8e3d-b067-60ad-f2f4441d9ec3}"
EndProject
Project("{FAE04EC0-301F-11D3-BF4B-00C04F79EFBC}") = "Unity.TextMeshPro.Tests", "Unity.TextMeshPro.Tests.csproj", "{6fd0a373-4f78-b404-d538-a0eb1f0eac18}"
EndProject
Project("{FAE04EC0-301F-11D3-BF4B-00C04F79EFBC}") = "DocCodeExamples", "DocCodeExamples.csproj", "{d3ac04ab-be6b-304d-d119-f427d8198d18}"
EndProject
Project("{FAE04EC0-301F-11D3-BF4B-00C04F79EFBC}") = "Unity.TestTools.CodeCoverage.Editor.Compatibility", "Unity.TestTools.CodeCoverage.Editor.Compatibility.csproj", "{92a20d23-a551-310e-44d2-8e45a55c57d4}"
EndProject
Project("{FAE04EC0-301F-11D3-BF4B-00C04F79EFBC}") = "Unity.TextMeshPro.Editor.Tests", "Unity.TextMeshPro.Editor.Tests.csproj", "{f6b780ba-457f-ddd4-28e9-1bb3509b34d1}"
EndProject
Project("{FAE04EC0-301F-11D3-BF4B-00C04F79EFBC}") = "Unity.Settings.Tests", "Unity.Settings.Tests.csproj", "{e231324a-ab23-eac8-2aa1-efe60d13cbff}"
EndProject
Project("{FAE04EC0-301F-11D3-BF4B-00C04F79EFBC}") = "Unity.Performance.Profile-Analyzer.EditorTests", "Unity.Performance.Profile-Analyzer.EditorTests.csproj", "{9a033e9c-56df-89de-5cd2-dcad825a1627}"
EndProject
Global
	GlobalSection(SolutionConfigurationPlatforms) = preSolution
		Debug|Any CPU = Debug|Any CPU
	EndGlobalSection
	GlobalSection(ProjectConfigurationPlatforms) = postSolution
		{c9f4195c-2f2d-c84d-383c-5dfcb41cd896}.Debug|Any CPU.ActiveCfg = Debug|Any CPU
		{c9f4195c-2f2d-c84d-383c-5dfcb41cd896}.Debug|Any CPU.Build.0 = Debug|Any CPU
		{5fb006e1-51ca-a576-a8ec-58ce0a9619ce}.Debug|Any CPU.ActiveCfg = Debug|Any CPU
		{5fb006e1-51ca-a576-a8ec-58ce0a9619ce}.Debug|Any CPU.Build.0 = Debug|Any CPU
		{a678122a-c0f1-2a17-b61b-9128868247f7}.Debug|Any CPU.ActiveCfg = Debug|Any CPU
		{a678122a-c0f1-2a17-b61b-9128868247f7}.Debug|Any CPU.Build.0 = Debug|Any CPU
		{cdd30fb8-6d4f-9307-a558-98290fbe8d65}.Debug|Any CPU.ActiveCfg = Debug|Any CPU
		{cdd30fb8-6d4f-9307-a558-98290fbe8d65}.Debug|Any CPU.Build.0 = Debug|Any CPU
		{a991c516-7aaa-5447-0e94-a34cac6c8e85}.Debug|Any CPU.ActiveCfg = Debug|Any CPU
		{a991c516-7aaa-5447-0e94-a34cac6c8e85}.Debug|Any CPU.Build.0 = Debug|Any CPU
		{c1f92ac9-edfa-dd83-82d7-b8db4bda090e}.Debug|Any CPU.ActiveCfg = Debug|Any CPU
		{c1f92ac9-edfa-dd83-82d7-b8db4bda090e}.Debug|Any CPU.Build.0 = Debug|Any CPU
		{859bba18-c163-43a3-8a04-6ed823fa339e}.Debug|Any CPU.ActiveCfg = Debug|Any CPU
		{859bba18-c163-43a3-8a04-6ed823fa339e}.Debug|Any CPU.Build.0 = Debug|Any CPU
		{ec162e46-41d2-333d-4eab-4f0e432d9ee2}.Debug|Any CPU.ActiveCfg = Debug|Any CPU
		{ec162e46-41d2-333d-4eab-4f0e432d9ee2}.Debug|Any CPU.Build.0 = Debug|Any CPU
		{91f038b1-a9b8-92d6-5713-165b12d48604}.Debug|Any CPU.ActiveCfg = Debug|Any CPU
		{91f038b1-a9b8-92d6-5713-165b12d48604}.Debug|Any CPU.Build.0 = Debug|Any CPU
		{2d78927c-5a81-767e-15e3-d2c9e8f53cd3}.Debug|Any CPU.ActiveCfg = Debug|Any CPU
		{2d78927c-5a81-767e-15e3-d2c9e8f53cd3}.Debug|Any CPU.Build.0 = Debug|Any CPU
		{eca9af34-5233-4e99-1f44-9420a1826403}.Debug|Any CPU.ActiveCfg = Debug|Any CPU
		{eca9af34-5233-4e99-1f44-9420a1826403}.Debug|Any CPU.Build.0 = Debug|Any CPU
		{c4f842fb-84ec-ad14-e7e3-621ef67b4e8a}.Debug|Any CPU.ActiveCfg = Debug|Any CPU
		{c4f842fb-84ec-ad14-e7e3-621ef67b4e8a}.Debug|Any CPU.Build.0 = Debug|Any CPU
		{be3937a9-c788-3e89-5365-95d4e87d73c0}.Debug|Any CPU.ActiveCfg = Debug|Any CPU
		{be3937a9-c788-3e89-5365-95d4e87d73c0}.Debug|Any CPU.Build.0 = Debug|Any CPU
		{c20ac6e5-4217-e0fb-21a4-97a8b13a6eeb}.Debug|Any CPU.ActiveCfg = Debug|Any CPU
		{c20ac6e5-4217-e0fb-21a4-97a8b13a6eeb}.Debug|Any CPU.Build.0 = Debug|Any CPU
		{d099c610-0dd0-a2d6-9d61-c4b348692870}.Debug|Any CPU.ActiveCfg = Debug|Any CPU
		{d099c610-0dd0-a2d6-9d61-c4b348692870}.Debug|Any CPU.Build.0 = Debug|Any CPU
		{a039a21d-1e45-2bc0-0cf6-327702d3e558}.Debug|Any CPU.ActiveCfg = Debug|Any CPU
		{a039a21d-1e45-2bc0-0cf6-327702d3e558}.Debug|Any CPU.Build.0 = Debug|Any CPU
		{6c51f0dd-9c02-b871-6b64-cc6bcd122ad3}.Debug|Any CPU.ActiveCfg = Debug|Any CPU
		{6c51f0dd-9c02-b871-6b64-cc6bcd122ad3}.Debug|Any CPU.Build.0 = Debug|Any CPU
		{43554420-afbc-c415-177c-66fddc1d651c}.Debug|Any CPU.ActiveCfg = Debug|Any CPU
		{43554420-afbc-c415-177c-66fddc1d651c}.Debug|Any CPU.Build.0 = Debug|Any CPU
		{12b56a0c-f0df-4577-8cc2-eb931a3e3c29}.Debug|Any CPU.ActiveCfg = Debug|Any CPU
		{12b56a0c-f0df-4577-8cc2-eb931a3e3c29}.Debug|Any CPU.Build.0 = Debug|Any CPU
		{04cddcfa-aff0-3a7e-905d-17a5ddc6f78d}.Debug|Any CPU.ActiveCfg = Debug|Any CPU
		{04cddcfa-aff0-3a7e-905d-17a5ddc6f78d}.Debug|Any CPU.Build.0 = Debug|Any CPU
		{194fbe0d-38c9-2a5a-c5bc-3fc139edc930}.Debug|Any CPU.ActiveCfg = Debug|Any CPU
		{194fbe0d-38c9-2a5a-c5bc-3fc139edc930}.Debug|Any CPU.Build.0 = Debug|Any CPU
		{0d7aa435-3088-ed0f-6caf-16b0bcb95db8}.Debug|Any CPU.ActiveCfg = Debug|Any CPU
		{0d7aa435-3088-ed0f-6caf-16b0bcb95db8}.Debug|Any CPU.Build.0 = Debug|Any CPU
		{70b7fc53-b55a-35e5-eff3-53b75f72f13a}.Debug|Any CPU.ActiveCfg = Debug|Any CPU
		{70b7fc53-b55a-35e5-eff3-53b75f72f13a}.Debug|Any CPU.Build.0 = Debug|Any CPU
		{5876c2dd-60f5-3e2e-2947-b0ae1571ab06}.Debug|Any CPU.ActiveCfg = Debug|Any CPU
		{5876c2dd-60f5-3e2e-2947-b0ae1571ab06}.Debug|Any CPU.Build.0 = Debug|Any CPU
		{f1c5d5cf-f3d4-2384-4ff6-d57dcf6c6a24}.Debug|Any CPU.ActiveCfg = Debug|Any CPU
		{f1c5d5cf-f3d4-2384-4ff6-d57dcf6c6a24}.Debug|Any CPU.Build.0 = Debug|Any CPU
		{331ee9ce-0d38-8b2e-3a85-40759be272bf}.Debug|Any CPU.ActiveCfg = Debug|Any CPU
		{331ee9ce-0d38-8b2e-3a85-40759be272bf}.Debug|Any CPU.Build.0 = Debug|Any CPU
		{0b0428d8-1b80-eec8-e843-f50af4a44b69}.Debug|Any CPU.ActiveCfg = Debug|Any CPU
		{0b0428d8-1b80-eec8-e843-f50af4a44b69}.Debug|Any CPU.Build.0 = Debug|Any CPU
		{dfab3ab3-0bb9-675c-c55f-69d394744ba4}.Debug|Any CPU.ActiveCfg = Debug|Any CPU
		{dfab3ab3-0bb9-675c-c55f-69d394744ba4}.Debug|Any CPU.Build.0 = Debug|Any CPU
		{8777b60f-974c-e3eb-d83e-fe184df1055e}.Debug|Any CPU.ActiveCfg = Debug|Any CPU
		{8777b60f-974c-e3eb-d83e-fe184df1055e}.Debug|Any CPU.Build.0 = Debug|Any CPU
		{9586a57f-c651-9069-94ea-9ab9685eb850}.Debug|Any CPU.ActiveCfg = Debug|Any CPU
		{9586a57f-c651-9069-94ea-9ab9685eb850}.Debug|Any CPU.Build.0 = Debug|Any CPU
		{6bdb3feb-0f87-8cdd-ce68-1c0e888c98bd}.Debug|Any CPU.ActiveCfg = Debug|Any CPU
		{6bdb3feb-0f87-8cdd-ce68-1c0e888c98bd}.Debug|Any CPU.Build.0 = Debug|Any CPU
		{d041a3ed-dd00-f4fe-53fc-f50918a3ddd1}.Debug|Any CPU.ActiveCfg = Debug|Any CPU
		{d041a3ed-dd00-f4fe-53fc-f50918a3ddd1}.Debug|Any CPU.Build.0 = Debug|Any CPU
		{f6758768-6df5-0125-56a4-8fb8ec13ffbc}.Debug|Any CPU.ActiveCfg = Debug|Any CPU
		{f6758768-6df5-0125-56a4-8fb8ec13ffbc}.Debug|Any CPU.Build.0 = Debug|Any CPU
		{42a0a980-d6c5-98b4-5856-3fc3caebdf95}.Debug|Any CPU.ActiveCfg = Debug|Any CPU
		{42a0a980-d6c5-98b4-5856-3fc3caebdf95}.Debug|Any CPU.Build.0 = Debug|Any CPU
		{105afea7-07a0-7ef3-f848-208246c51843}.Debug|Any CPU.ActiveCfg = Debug|Any CPU
		{105afea7-07a0-7ef3-f848-208246c51843}.Debug|Any CPU.Build.0 = Debug|Any CPU
		{397610be-ca21-be39-c65d-c9104c20d999}.Debug|Any CPU.ActiveCfg = Debug|Any CPU
		{397610be-ca21-be39-c65d-c9104c20d999}.Debug|Any CPU.Build.0 = Debug|Any CPU
		{0c2b1886-ce58-7924-d4d1-9fc9887e11d1}.Debug|Any CPU.ActiveCfg = Debug|Any CPU
		{0c2b1886-ce58-7924-d4d1-9fc9887e11d1}.Debug|Any CPU.Build.0 = Debug|Any CPU
		{fc1524c9-8e3d-b067-60ad-f2f4441d9ec3}.Debug|Any CPU.ActiveCfg = Debug|Any CPU
		{fc1524c9-8e3d-b067-60ad-f2f4441d9ec3}.Debug|Any CPU.Build.0 = Debug|Any CPU
		{6fd0a373-4f78-b404-d538-a0eb1f0eac18}.Debug|Any CPU.ActiveCfg = Debug|Any CPU
		{6fd0a373-4f78-b404-d538-a0eb1f0eac18}.Debug|Any CPU.Build.0 = Debug|Any CPU
		{d3ac04ab-be6b-304d-d119-f427d8198d18}.Debug|Any CPU.ActiveCfg = Debug|Any CPU
		{d3ac04ab-be6b-304d-d119-f427d8198d18}.Debug|Any CPU.Build.0 = Debug|Any CPU
		{92a20d23-a551-310e-44d2-8e45a55c57d4}.Debug|Any CPU.ActiveCfg = Debug|Any CPU
		{92a20d23-a551-310e-44d2-8e45a55c57d4}.Debug|Any CPU.Build.0 = Debug|Any CPU
		{f6b780ba-457f-ddd4-28e9-1bb3509b34d1}.Debug|Any CPU.ActiveCfg = Debug|Any CPU
		{f6b780ba-457f-ddd4-28e9-1bb3509b34d1}.Debug|Any CPU.Build.0 = Debug|Any CPU
		{e231324a-ab23-eac8-2aa1-efe60d13cbff}.Debug|Any CPU.ActiveCfg = Debug|Any CPU
		{e231324a-ab23-eac8-2aa1-efe60d13cbff}.Debug|Any CPU.Build.0 = Debug|Any CPU
		{9a033e9c-56df-89de-5cd2-dcad825a1627}.Debug|Any CPU.ActiveCfg = Debug|Any CPU
		{9a033e9c-56df-89de-5cd2-dcad825a1627}.Debug|Any CPU.Build.0 = Debug|Any CPU
	EndGlobalSection
	GlobalSection(SolutionProperties) = preSolution
		HideSolutionNode = FALSE
	EndGlobalSection
EndGlobal
